
Microsoft Visual Studio Solution File, Format Version 12.00
Project("{FAE04EC0-301F-11D3-BF4B-00C04F79EFBC}") = "MasstransitKafkaTester", "MasstransitKafkaTester.csproj", "{C0242C9D-5F41-437E-B382-22B699CAB9CD}"
EndProject
Global
	GlobalSection(SolutionConfigurationPlatforms) = preSolution
		Debug|Any CPU = Debug|Any CPU
		Release|Any CPU = Release|Any CPU
	EndGlobalSection
	GlobalSection(ProjectConfigurationPlatforms) = postSolution
		{C0242C9D-5F41-437E-B382-22B699CAB9CD}.Debug|Any CPU.ActiveCfg = Debug|Any CPU
		{C0242C9D-5F41-437E-B382-22B699CAB9CD}.Debug|Any CPU.Build.0 = Debug|Any CPU
		{C0242C9D-5F41-437E-B382-22B699CAB9CD}.Release|Any CPU.ActiveCfg = Release|Any CPU
		{C0242C9D-5F41-437E-B382-22B699CAB9CD}.Release|Any CPU.Build.0 = Release|Any CPU
	EndGlobalSection
EndGlobal
